lockfileVersion: '9.0'

settings:
  autoInstallPeers: true
  excludeLinksFromLockfile: false

importers:

  .:
    devDependencies:
      vite:
        specifier: https://pkg.pr.new/rolldown/vite@a839caa
        version: https://pkg.pr.new/rolldown/vite@a839caa

packages:

  '@emnapi/core@1.3.1':
    resolution: {integrity: sha512-pVGjBIt1Y6gg3EJN8jTcfpP/+uuRksIo055oE/OBkDNcjZqVbfkWCksG1Jp4yZnj3iKWyWX8fdG/j6UDYPbFog==}

  '@emnapi/runtime@1.3.1':
    resolution: {integrity: sha512-kEBmG8KyqtxJZv+ygbEim+KCGtIq1fC22Ms3S4ziXmYKm8uyoLX0MHONVKwp+9opg390VaKRNt4a7A9NwmpNhw==}

  '@emnapi/wasi-threads@1.0.1':
    resolution: {integrity: sha512-iIBu7mwkq4UQGeMEM8bLwNK962nXdhodeScX4slfQnRhEMMzvYivHhutCIk8uojvmASXXPC2WNEjwxFWk72Oqw==}

  '@napi-rs/wasm-runtime@0.2.6':
    resolution: {integrity: sha512-z8YVS3XszxFTO73iwvFDNpQIzdMmSDTP/mB3E/ucR37V3Sx57hSExcXyMoNwaucWxnsWf4xfbZv0iZ30jr0M4Q==}

  '@rolldown/binding-darwin-arm64@1.0.0-beta.1-commit.3a0e84b':
    resolution: {integrity: sha512-kJ7Rx3Xb0Txqc1VMZGCRchHWqBMEBWya8trW0PnR4rb+sYF2T1O5JMcE69OMAX0BOOoWDIK6LigsHfnFhL1fjg==}
    cpu: [arm64]
    os: [darwin]

  '@rolldown/binding-darwin-x64@1.0.0-beta.1-commit.3a0e84b':
    resolution: {integrity: sha512-uuC9N9wqCbl8fKMn4BefR4KkwxvfYNf40FE6JYt3RwZE+mulvUzOWQe0A4EQvdfE8YfRLCAt6svgJuMYPn5dWw==}
    cpu: [x64]
    os: [darwin]

  '@rolldown/binding-freebsd-x64@1.0.0-beta.1-commit.3a0e84b':
    resolution: {integrity: sha512-208ojOneQ+Yps4UgmunMY4QExWvDxm4pJbtS9OFT/BI6ZvU2dLJ+ZyUt0zFzkboNTH2fNTcH3EWUXj6aSEkMug==}
    cpu: [x64]
    os: [freebsd]

  '@rolldown/binding-linux-arm-gnueabihf@1.0.0-beta.1-commit.3a0e84b':
    resolution: {integrity: sha512-erpuw5aMFgbliWalWq4BMNROk+iCeBJzWmBGMmugdjTcS3CVedUy4hNQjnm8N2eIP7Yuk/DPwzt4NGP/mSzPPA==}
    cpu: [arm]
    os: [linux]

  '@rolldown/binding-linux-arm64-gnu@1.0.0-beta.1-commit.3a0e84b':
    resolution: {integrity: sha512-7RDX3WHAlmgZCoYIPaJ/hHgqXkjLqPAbD48a7of5rPGODML7kL2nw0TaTUFfbeNoJ/xrdrY+pN31emWbJDoRiQ==}
    cpu: [arm64]
    os: [linux]

  '@rolldown/binding-linux-arm64-musl@1.0.0-beta.1-commit.3a0e84b':
    resolution: {integrity: sha512-sKjJ0JY3Unq2dWwLlq62diZhfRl1rBnQh6M7XE5/JdRJuq7kGSx4FLSzoLwInnsZ/ykisC6YXZQ+DSWgBTxUfA==}
    cpu: [arm64]
    os: [linux]

  '@rolldown/binding-linux-x64-gnu@1.0.0-beta.1-commit.3a0e84b':
    resolution: {integrity: sha512-bU3QmDz6OmQ3HTfI+r2/v3YfZedKs2daxq1tTYhN2xVjMWojlQQwmIXBXU6iy6E0QUCkNGLq9ayGqzQI2VIObA==}
    cpu: [x64]
    os: [linux]

  '@rolldown/binding-linux-x64-musl@1.0.0-beta.1-commit.3a0e84b':
    resolution: {integrity: sha512-1e80EzObebYHcFkSccn1Y1MUu1ifJ3xbqUimtRQiRpwGQIRfRU6NYtfQ0CLZBw8mblQ/vVS+fprGvenDUeU7SQ==}
    cpu: [x64]
    os: [linux]

  '@rolldown/binding-wasm32-wasi@1.0.0-beta.1-commit.3a0e84b':
    resolution: {integrity: sha512-4OfALqa2ZUHikzBptZnyhNKN2wJfrcBExKu5MjPMRByMgEifRMM/X5x0nfzC80dczY5gtv9Gj5f4Coj4oHqE/w==}
    engines: {node: '>=14.21.3'}
    cpu: [wasm32]

  '@rolldown/binding-win32-arm64-msvc@1.0.0-beta.1-commit.3a0e84b':
    resolution: {integrity: sha512-uV8aUjH/C9S6cb2azCi9X+3UtM2knWIsl7S3rJD0HnzSy2A9DVtYWDpPD+c4xtE4X+o3GnWUB8AgOj+Gp7VOVQ==}
    cpu: [arm64]
    os: [win32]

  '@rolldown/binding-win32-ia32-msvc@1.0.0-beta.1-commit.3a0e84b':
    resolution: {integrity: sha512-+vu7C+xBVPmRWKq+wlHOWOU0d0SdA7b5vHRaQ9WaEmHjCpYwKaQqs6ohdJj8MTsEj3/Y+Tum6Jv/53QG55ig4w==}
    cpu: [ia32]
    os: [win32]

  '@rolldown/binding-win32-x64-msvc@1.0.0-beta.1-commit.3a0e84b':
    resolution: {integrity: sha512-lDsboNwWSrK/spjlYN5cf+GEcOINJZMO4xHjp+pPSEz65xszxsif7PxLQBJxFtit6Llo0Q009V3u0EyZNg4tdQ==}
    cpu: [x64]
    os: [win32]

  '@rollup/rollup-android-arm-eabi@4.29.1':
    resolution: {integrity: sha512-ssKhA8RNltTZLpG6/QNkCSge+7mBQGUqJRisZ2MDQcEGaK93QESEgWK2iOpIDZ7k9zPVkG5AS3ksvD5ZWxmItw==}
    cpu: [arm]
    os: [android]

  '@rollup/rollup-android-arm64@4.29.1':
    resolution: {integrity: sha512-CaRfrV0cd+NIIcVVN/jx+hVLN+VRqnuzLRmfmlzpOzB87ajixsN/+9L5xNmkaUUvEbI5BmIKS+XTwXsHEb65Ew==}
    cpu: [arm64]
    os: [android]

  '@rollup/rollup-darwin-arm64@4.29.1':
    resolution: {integrity: sha512-2ORr7T31Y0Mnk6qNuwtyNmy14MunTAMx06VAPI6/Ju52W10zk1i7i5U3vlDRWjhOI5quBcrvhkCHyF76bI7kEw==}
    cpu: [arm64]
    os: [darwin]

  '@rollup/rollup-darwin-x64@4.29.1':
    resolution: {integrity: sha512-j/Ej1oanzPjmN0tirRd5K2/nncAhS9W6ICzgxV+9Y5ZsP0hiGhHJXZ2JQ53iSSjj8m6cRY6oB1GMzNn2EUt6Ng==}
    cpu: [x64]
    os: [darwin]

  '@rollup/rollup-freebsd-arm64@4.29.1':
    resolution: {integrity: sha512-91C//G6Dm/cv724tpt7nTyP+JdN12iqeXGFM1SqnljCmi5yTXriH7B1r8AD9dAZByHpKAumqP1Qy2vVNIdLZqw==}
    cpu: [arm64]
    os: [freebsd]

  '@rollup/rollup-freebsd-x64@4.29.1':
    resolution: {integrity: sha512-hEioiEQ9Dec2nIRoeHUP6hr1PSkXzQaCUyqBDQ9I9ik4gCXQZjJMIVzoNLBRGet+hIUb3CISMh9KXuCcWVW/8w==}
    cpu: [x64]
    os: [freebsd]

  '@rollup/rollup-linux-arm-gnueabihf@4.29.1':
    resolution: {integrity: sha512-Py5vFd5HWYN9zxBv3WMrLAXY3yYJ6Q/aVERoeUFwiDGiMOWsMs7FokXihSOaT/PMWUty/Pj60XDQndK3eAfE6A==}
    cpu: [arm]
    os: [linux]

  '@rollup/rollup-linux-arm-musleabihf@4.29.1':
    resolution: {integrity: sha512-RiWpGgbayf7LUcuSNIbahr0ys2YnEERD4gYdISA06wa0i8RALrnzflh9Wxii7zQJEB2/Eh74dX4y/sHKLWp5uQ==}
    cpu: [arm]
    os: [linux]

  '@rollup/rollup-linux-arm64-gnu@4.29.1':
    resolution: {integrity: sha512-Z80O+taYxTQITWMjm/YqNoe9d10OX6kDh8X5/rFCMuPqsKsSyDilvfg+vd3iXIqtfmp+cnfL1UrYirkaF8SBZA==}
    cpu: [arm64]
    os: [linux]

  '@rollup/rollup-linux-arm64-musl@4.29.1':
    resolution: {integrity: sha512-fOHRtF9gahwJk3QVp01a/GqS4hBEZCV1oKglVVq13kcK3NeVlS4BwIFzOHDbmKzt3i0OuHG4zfRP0YoG5OF/rA==}
    cpu: [arm64]
    os: [linux]

  '@rollup/rollup-linux-loongarch64-gnu@4.29.1':
    resolution: {integrity: sha512-5a7q3tnlbcg0OodyxcAdrrCxFi0DgXJSoOuidFUzHZ2GixZXQs6Tc3CHmlvqKAmOs5eRde+JJxeIf9DonkmYkw==}
    cpu: [loong64]
    os: [linux]

  '@rollup/rollup-linux-powerpc64le-gnu@4.29.1':
    resolution: {integrity: sha512-9b4Mg5Yfz6mRnlSPIdROcfw1BU22FQxmfjlp/CShWwO3LilKQuMISMTtAu/bxmmrE6A902W2cZJuzx8+gJ8e9w==}
    cpu: [ppc64]
    os: [linux]

  '@rollup/rollup-linux-riscv64-gnu@4.29.1':
    resolution: {integrity: sha512-G5pn0NChlbRM8OJWpJFMX4/i8OEU538uiSv0P6roZcbpe/WfhEO+AT8SHVKfp8qhDQzaz7Q+1/ixMy7hBRidnQ==}
    cpu: [riscv64]
    os: [linux]

  '@rollup/rollup-linux-s390x-gnu@4.29.1':
    resolution: {integrity: sha512-WM9lIkNdkhVwiArmLxFXpWndFGuOka4oJOZh8EP3Vb8q5lzdSCBuhjavJsw68Q9AKDGeOOIHYzYm4ZFvmWez5g==}
    cpu: [s390x]
    os: [linux]

  '@rollup/rollup-linux-x64-gnu@4.29.1':
    resolution: {integrity: sha512-87xYCwb0cPGZFoGiErT1eDcssByaLX4fc0z2nRM6eMtV9njAfEE6OW3UniAoDhX4Iq5xQVpE6qO9aJbCFumKYQ==}
    cpu: [x64]
    os: [linux]

  '@rollup/rollup-linux-x64-musl@4.29.1':
    resolution: {integrity: sha512-xufkSNppNOdVRCEC4WKvlR1FBDyqCSCpQeMMgv9ZyXqqtKBfkw1yfGMTUTs9Qsl6WQbJnsGboWCp7pJGkeMhKA==}
    cpu: [x64]
    os: [linux]

  '@rollup/rollup-win32-arm64-msvc@4.29.1':
    resolution: {integrity: sha512-F2OiJ42m77lSkizZQLuC+jiZ2cgueWQL5YC9tjo3AgaEw+KJmVxHGSyQfDUoYR9cci0lAywv2Clmckzulcq6ig==}
    cpu: [arm64]
    os: [win32]

  '@rollup/rollup-win32-ia32-msvc@4.29.1':
    resolution: {integrity: sha512-rYRe5S0FcjlOBZQHgbTKNrqxCBUmgDJem/VQTCcTnA2KCabYSWQDrytOzX7avb79cAAweNmMUb/Zw18RNd4mng==}
    cpu: [ia32]
    os: [win32]

  '@rollup/rollup-win32-x64-msvc@4.29.1':
    resolution: {integrity: sha512-+10CMg9vt1MoHj6x1pxyjPSMjHTIlqs8/tBztXvPAx24SKs9jwVnKqHJumlH/IzhaPUaj3T6T6wfZr8okdXaIg==}
    cpu: [x64]
    os: [win32]

  '@tybys/wasm-util@0.9.0':
    resolution: {integrity: sha512-6+7nlbMVX/PVDCwaIQ8nTOPveOcFLSt8GcXdx8hD0bt39uWxYT88uXzqTd4fTvqta7oeUJqudepapKNt2DYJFw==}

  '@types/estree@1.0.6':
    resolution: {integrity: sha512-AYnb1nQyY49te+VRAVgmzfcgjYS91mY5P0TKUDCLEM+gNnA+3T6rWITXRLYCpahpqSQbN5cE+gHpnPyXjHWxcw==}

  fsevents@2.3.3:
    resolution: {integrity: sha512-5xoDfX+fL7faATnagmWPpbFtwh/R77WmMMqqHGS65C3vvB0YHrgF+B1YmZ3441tMj5n63k0212XNoJwzlhffQw==}
    engines: {node: ^8.16.0 || ^10.6.0 || >=11.0.0}
    os: [darwin]

  nanoid@3.3.8:
    resolution: {integrity: sha512-WNLf5Sd8oZxOm+TzppcYk8gVOgP+l58xNy58D0nbUnOxOWRWvlcCV4kUF7ltmI6PsrLl/BgKEyS4mqsGChFN0w==}
    engines: {node: ^10 || ^12 || ^13.7 || ^14 || >=15.0.1}
    hasBin: true

  picocolors@1.1.1:
    resolution: {integrity: sha512-xceH2snhtb5M9liqDsmEw56le376mTZkEX/jEb/RxNFyegNul7eNslCXP9FDj/Lcu0X8KEyMceP2ntpaHrDEVA==}

  postcss@8.4.49:
    resolution: {integrity: sha512-OCVPnIObs4N29kxTjzLfUryOkvZEq+pf8jTF0lg8E7uETuWHA+v7j3c/xJmiqpX450191LlmZfUKkXxkTry7nA==}
    engines: {node: ^10 || ^12 || >=14}

  rolldown@1.0.0-beta.1-commit.3a0e84b:
    resolution: {integrity: sha512-t7lVgpDVPDszbaEZQTW2Qp9tIO6osM7zXer9h2prGFCzOOEifiH1vagJ5w3H1xrfi9KWJ1VPMdbqzwehA6NoSQ==}
    hasBin: true
    peerDependencies:
      '@babel/runtime': '>=7'
    peerDependenciesMeta:
      '@babel/runtime':
        optional: true

  rollup@4.29.1:
    resolution: {integrity: sha512-RaJ45M/kmJUzSWDs1Nnd5DdV4eerC98idtUOVr6FfKcgxqvjwHmxc5upLF9qZU9EpsVzzhleFahrT3shLuJzIw==}
    engines: {node: '>=18.0.0', npm: '>=8.0.0'}
    hasBin: true

  source-map-js@1.2.1:
    resolution: {integrity: sha512-UXWMKhLOwVKb728IUtQPXxfYU+usdybtUrK/8uGE8CQMvrhOpwvzDBwj0QhSL7MQc7vIsISBG8VQ8+IDQxpfQA==}
    engines: {node: '>=0.10.0'}

  tslib@2.8.1:
    resolution: {integrity: sha512-oJFu94HQb+KVduSUQL7wnpmqnfmLsOA/nAh6b6EH0wCEoK0/mPeXU6c3wKDV83MkOuHPRHtSXKKU99IBazS/2w==}

  vite@https://pkg.pr.new/rolldown/vite@a839caa:
    resolution: {tarball: https://pkg.pr.new/rolldown/vite@a839caa}
    version: 6.0.6
    engines: {node: ^18.0.0 || ^20.0.0 || >=22.0.0}
    hasBin: true
    peerDependencies:
      '@types/node': ^18.0.0 || ^20.0.0 || >=22.0.0
      esbuild: ^0.24.0
      jiti: '>=1.21.0'
      less: '*'
      lightningcss: ^1.21.0
      sass: '*'
      sass-embedded: '*'
      stylus: '*'
      sugarss: '*'
      terser: ^5.16.0
      tsx: ^4.8.1
      yaml: ^2.4.2
    peerDependenciesMeta:
      '@types/node':
        optional: true
      esbuild:
        optional: true
      jiti:
        optional: true
      less:
        optional: true
      lightningcss:
        optional: true
      sass:
        optional: true
      sass-embedded:
        optional: true
      stylus:
        optional: true
      sugarss:
        optional: true
      terser:
        optional: true
      tsx:
        optional: true
      yaml:
        optional: true

  zod@3.24.1:
    resolution: {integrity: sha512-muH7gBL9sI1nciMZV67X5fTKKBLtwpZ5VBp1vsOQzj1MhrBZ4wlVCm3gedKZWLp0Oyel8sIGfeiz54Su+OVT+A==}

snapshots:

  '@emnapi/core@1.3.1':
    dependencies:
      '@emnapi/wasi-threads': 1.0.1
      tslib: 2.8.1
    optional: true

  '@emnapi/runtime@1.3.1':
    dependencies:
      tslib: 2.8.1
    optional: true

  '@emnapi/wasi-threads@1.0.1':
    dependencies:
      tslib: 2.8.1
    optional: true

  '@napi-rs/wasm-runtime@0.2.6':
    dependencies:
      '@emnapi/core': 1.3.1
      '@emnapi/runtime': 1.3.1
      '@tybys/wasm-util': 0.9.0
    optional: true

  '@rolldown/binding-darwin-arm64@1.0.0-beta.1-commit.3a0e84b':
    optional: true

  '@rolldown/binding-darwin-x64@1.0.0-beta.1-commit.3a0e84b':
    optional: true

  '@rolldown/binding-freebsd-x64@1.0.0-beta.1-commit.3a0e84b':
    optional: true

  '@rolldown/binding-linux-arm-gnueabihf@1.0.0-beta.1-commit.3a0e84b':
    optional: true

  '@rolldown/binding-linux-arm64-gnu@1.0.0-beta.1-commit.3a0e84b':
    optional: true

  '@rolldown/binding-linux-arm64-musl@1.0.0-beta.1-commit.3a0e84b':
    optional: true

  '@rolldown/binding-linux-x64-gnu@1.0.0-beta.1-commit.3a0e84b':
    optional: true

  '@rolldown/binding-linux-x64-musl@1.0.0-beta.1-commit.3a0e84b':
    optional: true

  '@rolldown/binding-wasm32-wasi@1.0.0-beta.1-commit.3a0e84b':
    dependencies:
      '@napi-rs/wasm-runtime': 0.2.6
    optional: true

  '@rolldown/binding-win32-arm64-msvc@1.0.0-beta.1-commit.3a0e84b':
    optional: true

  '@rolldown/binding-win32-ia32-msvc@1.0.0-beta.1-commit.3a0e84b':
    optional: true

  '@rolldown/binding-win32-x64-msvc@1.0.0-beta.1-commit.3a0e84b':
    optional: true

  '@rollup/rollup-android-arm-eabi@4.29.1':
    optional: true

  '@rollup/rollup-android-arm64@4.29.1':
    optional: true

  '@rollup/rollup-darwin-arm64@4.29.1':
    optional: true

  '@rollup/rollup-darwin-x64@4.29.1':
    optional: true

  '@rollup/rollup-freebsd-arm64@4.29.1':
    optional: true

  '@rollup/rollup-freebsd-x64@4.29.1':
    optional: true

  '@rollup/rollup-linux-arm-gnueabihf@4.29.1':
    optional: true

  '@rollup/rollup-linux-arm-musleabihf@4.29.1':
    optional: true

  '@rollup/rollup-linux-arm64-gnu@4.29.1':
    optional: true

  '@rollup/rollup-linux-arm64-musl@4.29.1':
    optional: true

  '@rollup/rollup-linux-loongarch64-gnu@4.29.1':
    optional: true

  '@rollup/rollup-linux-powerpc64le-gnu@4.29.1':
    optional: true

  '@rollup/rollup-linux-riscv64-gnu@4.29.1':
    optional: true

  '@rollup/rollup-linux-s390x-gnu@4.29.1':
    optional: true

  '@rollup/rollup-linux-x64-gnu@4.29.1':
    optional: true

  '@rollup/rollup-linux-x64-musl@4.29.1':
    optional: true

  '@rollup/rollup-win32-arm64-msvc@4.29.1':
    optional: true

  '@rollup/rollup-win32-ia32-msvc@4.29.1':
    optional: true

  '@rollup/rollup-win32-x64-msvc@4.29.1':
    optional: true

  '@tybys/wasm-util@0.9.0':
    dependencies:
      tslib: 2.8.1
    optional: true

  '@types/estree@1.0.6': {}

  fsevents@2.3.3:
    optional: true

  nanoid@3.3.8: {}

  picocolors@1.1.1: {}

  postcss@8.4.49:
    dependencies:
      nanoid: 3.3.8
      picocolors: 1.1.1
      source-map-js: 1.2.1

  rolldown@1.0.0-beta.1-commit.3a0e84b:
    dependencies:
      zod: 3.24.1
    optionalDependencies:
      '@rolldown/binding-darwin-arm64': 1.0.0-beta.1-commit.3a0e84b
      '@rolldown/binding-darwin-x64': 1.0.0-beta.1-commit.3a0e84b
      '@rolldown/binding-freebsd-x64': 1.0.0-beta.1-commit.3a0e84b
      '@rolldown/binding-linux-arm-gnueabihf': 1.0.0-beta.1-commit.3a0e84b
      '@rolldown/binding-linux-arm64-gnu': 1.0.0-beta.1-commit.3a0e84b
      '@rolldown/binding-linux-arm64-musl': 1.0.0-beta.1-commit.3a0e84b
      '@rolldown/binding-linux-x64-gnu': 1.0.0-beta.1-commit.3a0e84b
      '@rolldown/binding-linux-x64-musl': 1.0.0-beta.1-commit.3a0e84b
      '@rolldown/binding-wasm32-wasi': 1.0.0-beta.1-commit.3a0e84b
      '@rolldown/binding-win32-arm64-msvc': 1.0.0-beta.1-commit.3a0e84b
      '@rolldown/binding-win32-ia32-msvc': 1.0.0-beta.1-commit.3a0e84b
      '@rolldown/binding-win32-x64-msvc': 1.0.0-beta.1-commit.3a0e84b

  rollup@4.29.1:
    dependencies:
      '@types/estree': 1.0.6
    optionalDependencies:
      '@rollup/rollup-android-arm-eabi': 4.29.1
      '@rollup/rollup-android-arm64': 4.29.1
      '@rollup/rollup-darwin-arm64': 4.29.1
      '@rollup/rollup-darwin-x64': 4.29.1
      '@rollup/rollup-freebsd-arm64': 4.29.1
      '@rollup/rollup-freebsd-x64': 4.29.1
      '@rollup/rollup-linux-arm-gnueabihf': 4.29.1
      '@rollup/rollup-linux-arm-musleabihf': 4.29.1
      '@rollup/rollup-linux-arm64-gnu': 4.29.1
      '@rollup/rollup-linux-arm64-musl': 4.29.1
      '@rollup/rollup-linux-loongarch64-gnu': 4.29.1
      '@rollup/rollup-linux-powerpc64le-gnu': 4.29.1
      '@rollup/rollup-linux-riscv64-gnu': 4.29.1
      '@rollup/rollup-linux-s390x-gnu': 4.29.1
      '@rollup/rollup-linux-x64-gnu': 4.29.1
      '@rollup/rollup-linux-x64-musl': 4.29.1
      '@rollup/rollup-win32-arm64-msvc': 4.29.1
      '@rollup/rollup-win32-ia32-msvc': 4.29.1
      '@rollup/rollup-win32-x64-msvc': 4.29.1
      fsevents: 2.3.3

  source-map-js@1.2.1: {}

  tslib@2.8.1:
    optional: true

  vite@https://pkg.pr.new/rolldown/vite@a839caa:
    dependencies:
      postcss: 8.4.49
      rolldown: 1.0.0-beta.1-commit.3a0e84b
      rollup: 4.29.1
    optionalDependencies:
      fsevents: 2.3.3
    transitivePeerDependencies:
      - '@babel/runtime'

  zod@3.24.1: {}
